<Solution>
  <Folder Name="/Solution Items/">
    <File Path=".gitignore" />
    <File Path="Directory.Build.props" />
    <File Path="Directory.Packages.props" />
    <File Path="README.md" />
  </Folder>
  <Folder Name="/docs/">
    <File Path="docs/index.md" />
    <File Path="docs/scope.md" />
    <File Path="docs/union-type.md" />
    <File Path="docs/case-types.md" />
    <File Path="docs/no-exceptions.md" />
    <File Path="docs/request-lifecycle.md" />
    <File Path="docs/transactions.md" />
    <File Path="docs/value-objects.md" />
    <File Path="docs/adding-a-command.md" />
    <File Path="docs/worked-example-update.md" />
    <File Path="docs/extending-search-index.md" />
    <File Path="docs/speculative-case-types.md" />
    <File Path="docs/testing.md" />
    <File Path="docs/http-contract.md" />
    <File Path="docs/concurrency.md" />
    <File Path="docs/patch.md" />
    <File Path="docs/listing.md" />
    <File Path="docs/authorization.md" />
    <File Path="docs/impersonation.md" />
    <File Path="docs/audit.md" />
    <File Path="docs/logging-and-errors.md" />
    <File Path="docs/operations.md" />
    <File Path="docs/notes-and-gotchas.md" />
    <File Path="docs/glossary.md" />
    <File Path="docs/Features.md" />
    <File Path="docs/Hardening-Plan.md" />
    <File Path="docs/README-Split-Plan.md" />
  </Folder>
  <Folder Name="/src/">
    <Project Path="src/MediatrUnionPoc.Api/MediatrUnionPoc.Api.csproj" />
    <Project Path="src/MediatrUnionPoc.Application/MediatrUnionPoc.Application.csproj" />
    <Project Path="src/MediatrUnionPoc.Domain/MediatrUnionPoc.Domain.csproj" />
    <Project Path="src/MediatrUnionPoc.Infrastructure/MediatrUnionPoc.Infrastructure.csproj" />
  </Folder>
  <Folder Name="/tests/">
    <Project Path="tests/MediatrUnionPoc.Api.IntegrationTests/MediatrUnionPoc.Api.IntegrationTests.csproj" />
    <Project Path="tests/MediatrUnionPoc.ArchitectureTests/MediatrUnionPoc.ArchitectureTests.csproj" />
    <Project Path="tests/MediatrUnionPoc.Application.Tests/MediatrUnionPoc.Application.Tests.csproj" />
    <Project Path="tests/MediatrUnionPoc.Domain.Tests/MediatrUnionPoc.Domain.Tests.csproj" />
    <Project Path="tests/MediatrUnionPoc.Infrastructure.IntegrationTests/MediatrUnionPoc.Infrastructure.IntegrationTests.csproj" />
  </Folder>
</Solution>
